
Microsoft Visual Studio Solution File, Format Version 12.00
# Visual Studio Version 16
VisualStudioVersion = 16.0.28803.352
MinimumVisualStudioVersion = 10.0.40219.1
Project("{F184B08F-C81C-45F6-A57F-5ABD9991F28F}") = "Stoppuhr", "Stoppuhr.vbproj", "{78142537-2D79-415B-998F-7AFF1BA8BDCB}"
EndProject
Global
	GlobalSection(SolutionConfigurationPlatforms) = preSolution
		Debug|Any CPU = Debug|Any CPU
		Release|Any CPU = Release|Any CPU
	EndGlobalSection
	GlobalSection(ProjectConfigurationPlatforms) = postSolution
		{78142537-2D79-415B-998F-7AFF1BA8BDCB}.Debug|Any CPU.ActiveCfg = Debug|Any CPU
		{78142537-2D79-415B-998F-7AFF1BA8BDCB}.Debug|Any CPU.Build.0 = Debug|Any CPU
		{78142537-2D79-415B-998F-7AFF1BA8BDCB}.Release|Any CPU.ActiveCfg = Release|Any CPU
		{78142537-2D79-415B-998F-7AFF1BA8BDCB}.Release|Any CPU.Build.0 = Release|Any CPU
	EndGlobalSection
	GlobalSection(SolutionProperties) = preSolution
		HideSolutionNode = FALSE
	EndGlobalSection
	GlobalSection(ExtensibilityGlobals) = postSolution
		SolutionGuid = {D465D070-07C2-49D1-B006-4F79CB63E395}
	EndGlobalSection
EndGlobal
